
Microsoft Visual Studio Solution File, Format Version 12.00
# Visual Studio Version 17
VisualStudioVersion = 17.10.35122.118
MinimumVisualStudioVersion = 10.0.40219.1
Project("{FAE04EC0-301F-11D3-BF4B-00C04F79EFBC}") = "NodeCanvas", "NodeCanvas.csproj", "{A762E160-75C2-B6A7-3395-B7C098790374}"
EndProject
Project("{FAE04EC0-301F-11D3-BF4B-00C04F79EFBC}") = "ParadoxNotion", "ParadoxNotion.csproj", "{6C1CC864-005D-FAF9-1D2B-E472E3FC6F15}"
EndProject
Project("{FAE04EC0-301F-11D3-BF4B-00C04F79EFBC}") = "Assembly-CSharp", "Assembly-CSharp.csproj", "{9C492E34-30DA-1B5A-40CD-B863C8A51AF2}"
EndProject
Project("{FAE04EC0-301F-11D3-BF4B-00C04F79EFBC}") = "Assembly-CSharp-Editor", "Assembly-CSharp-Editor.csproj", "{30575A0A-EDB2-463D-E57C-7BA367B85244}"
EndProject
Global
	GlobalSection(SolutionConfigurationPlatforms) = preSolution
		Debug|Any CPU = Debug|Any CPU
		Release|Any CPU = Release|Any CPU
	EndGlobalSection
	GlobalSection(ProjectConfigurationPlatforms) = postSolution
		{A762E160-75C2-B6A7-3395-B7C098790374}.Debug|Any CPU.ActiveCfg = Debug|Any CPU
		{A762E160-75C2-B6A7-3395-B7C098790374}.Debug|Any CPU.Build.0 = Debug|Any CPU
		{A762E160-75C2-B6A7-3395-B7C098790374}.Release|Any CPU.ActiveCfg = Release|Any CPU
		{A762E160-75C2-B6A7-3395-B7C098790374}.Release|Any CPU.Build.0 = Release|Any CPU
		{6C1CC864-005D-FAF9-1D2B-E472E3FC6F15}.Debug|Any CPU.ActiveCfg = Debug|Any CPU
		{6C1CC864-005D-FAF9-1D2B-E472E3FC6F15}.Debug|Any CPU.Build.0 = Debug|Any CPU
		{6C1CC864-005D-FAF9-1D2B-E472E3FC6F15}.Release|Any CPU.ActiveCfg = Release|Any CPU
		{6C1CC864-005D-FAF9-1D2B-E472E3FC6F15}.Release|Any CPU.Build.0 = Release|Any CPU
		{9C492E34-30DA-1B5A-40CD-B863C8A51AF2}.Debug|Any CPU.ActiveCfg = Debug|Any CPU
		{9C492E34-30DA-1B5A-40CD-B863C8A51AF2}.Debug|Any CPU.Build.0 = Debug|Any CPU
		{9C492E34-30DA-1B5A-40CD-B863C8A51AF2}.Release|Any CPU.ActiveCfg = Release|Any CPU
		{9C492E34-30DA-1B5A-40CD-B863C8A51AF2}.Release|Any CPU.Build.0 = Release|Any CPU
		{30575A0A-EDB2-463D-E57C-7BA367B85244}.Debug|Any CPU.ActiveCfg = Debug|Any CPU
		{30575A0A-EDB2-463D-E57C-7BA367B85244}.Debug|Any CPU.Build.0 = Debug|Any CPU
		{30575A0A-EDB2-463D-E57C-7BA367B85244}.Release|Any CPU.ActiveCfg = Release|Any CPU
		{30575A0A-EDB2-463D-E57C-7BA367B85244}.Release|Any CPU.Build.0 = Release|Any CPU
	EndGlobalSection
	GlobalSection(SolutionProperties) = preSolution
		HideSolutionNode = FALSE
	EndGlobalSection
	GlobalSection(ExtensibilityGlobals) = postSolution
		SolutionGuid = {8F44440B-0275-41DD-B115-BB699D35E858}
	EndGlobalSection
EndGlobal
